hash: 067b3c8583a17909fb6e2d4379a7a7144eac17174e31465811bc0cb8bd0fe884
updated: 2015-12-29T17:51:47.003915202+05:30
imports:
- name: bitbucket.org/ww/goautoneg
  version: 75cd24fc2f2c
- name: code.google.com/p/go.net
  version: 937a34c9de13
- name: code.google.com/p/go.text
  version: 5b2527008a4c
- name: github.com/agtorre/gocolorize
  version: f42b554bf7f006936130c9bb4f971afd2d87f671
- name: github.com/armon/circbuf
  version: bbbad097214e2918d8543d5201d12bfd7bca254d
- name: github.com/armon/go-metrics
  version: 06b60999766278efd6d2b5d8418a58c3d5b99e87
- name: github.com/armon/go-radix
  version: fbd82e84e2b13651f3abc5ffd26b65ba71bc8f93
- name: github.com/beorn7/perks
  version: b965b613227fddccbfffe13eae360ed3fa822f8d
  subpackages:
  - quantile
- name: github.com/bgentry/speakeasy
  version: 36e9cfdd690967f4f690c6edcc9ffacd006014a0
- name: github.com/boltdb/bolt
  version: 90fef389f98027ca55594edd7dbd6e7f3926fdad
- name: github.com/bradfitz/gomemcache
  version: 72a68649ba712ee7c4b5b4a943a626bcd7d90eb8
- name: github.com/bradfitz/http2
  version: 3e36af6d3af0e56fa3da71099f864933dea3d9fb
- name: github.com/bugsnag/bugsnag-go
  version: 02e952891c52fbcb15f113d90633897355783b6e
- name: github.com/bugsnag/osext
  version: 0dd3f918b21bec95ace9dc86c7e70266cfc5c702
- name: github.com/bugsnag/panicwrap
  version: e5f9854865b9778a45169fc249e99e338d4d6f27
- name: github.com/cheggaaa/pb
  version: 5d91ad42e9c1b52c408dff492aa9cffc1e86ccca
- name: github.com/codegangsta/cli
  version: f7ebb761e83e21225d1d8954fde853bf8edd46c4
- name: github.com/codegangsta/inject
  version: 33e0aa1cb7c019ccc3fbe049a8262a6403d30504
- name: github.com/codegangsta/negroni
  version: c7477ad8e330bef55bf1ebe300cf8aa67c492d1b
- name: github.com/coreos/etcd
  version: b4bddf685b26b4aa70e939445044bdeac822d042
  subpackages:
  - /client
- name: github.com/coreos/go-semver
  version: 568e959cd89871e61434c1143528d9162da89ef2
  subpackages:
  - semver
- name: github.com/coreos/go-systemd
  version: cea488b4e6855fee89b6c22a811e3c5baca861b6
  subpackages:
  - daemon
  - journal
  - util
- name: github.com/coreos/pkg
  version: 2c77715c4df99b5420ffcae14ead08f52104065d
  subpackages:
  - capnslog
- name: github.com/DataDog/datadog-go
  version: b050cd8f4d7c394545fd7d966c8e2909ce89d552
- name: github.com/docker/libkv
  version: 2f2380c8698abff4eb662f33b0e088e520ec416e
  subpackages:
  - /store
  - /store/etcd
- name: github.com/fsouza/go-dockerclient
  version: 7177a9e3543b0891a5d91dbf7051e0f71455c8ef
- name: github.com/garyburd/redigo
  version: 6ece6e0a09f28cc399b21550cbf37ab39ba63cce
- name: github.com/getsentry/raven-go
  version: 3966f3ab8333308d76b6cc83a29776a266bbdd92
- name: github.com/go-martini/martini
  version: 15a47622d6a9b3e6a1eaca2681e4850f612471ea
- name: github.com/godbus/dbus
  version: a1b8ba5163b7f041b22761461eabd02b70d1f824
- name: github.com/gogo/protobuf
  version: 64f27bf06efee53589314a6e5a4af34cdd85adf6
  subpackages:
  - proto
- name: github.com/golang/glog
  version: 44145f04b68cf362d9c4df2182967c2275eaefed
- name: github.com/golang/protobuf
  version: 5677a0e3d5e89854c9974e1256839ee23f8233ca
  subpackages:
  - proto
- name: github.com/google/btree
  version: cc6329d4279e3f025a53a83c397d2339b5705c45
- name: github.com/gorilla/context
  version: 1c83b3eabd45b6d76072b66b746c20815fb2872d
- name: github.com/gorilla/mux
  version: 9c068cf16d982f8bd444b8c352acbeec34c4fe5b
- name: github.com/hashicorp/consul
  version: 94f33972bdc1574738b00290b5b9ae1df445435e
- name: github.com/hashicorp/errwrap
  version: 7554cd9344cec97297fa6649b055a8c98c2a1e55
- name: github.com/hashicorp/go-checkpoint
  version: e4b2dc34c0f698ee04750bf2035d8b9384233e1b
- name: github.com/hashicorp/go-cleanhttp
  version: 5df5ddc69534f1a4697289f1dca2193fbb40213f
- name: github.com/hashicorp/go-immutable-radix
  version: aca1bd0689e10884f20d114aff148ddb849ece80
- name: github.com/hashicorp/go-memdb
  version: e0765f203ee31bd1ca785d91280271150fe4cf0d
- name: github.com/hashicorp/go-msgpack
  version: fa3f63826f7c23912c15263591e65d54d080b458
- name: github.com/hashicorp/go-multierror
  version: d30f09973e19c1dfcd120b2d9c4f168e68d6b5d5
- name: github.com/hashicorp/go-syslog
  version: 42a2b573b664dbf281bd48c3cc12c086b17a39ba
- name: github.com/hashicorp/go.net
  version: 104dcad90073cd8d1e6828b2af19185b60cf3e29
- name: github.com/hashicorp/golang-lru
  version: b361c4c189a958f7d0ad435952611c140751afe2
- name: github.com/hashicorp/hcl
  version: 17c5c97b5a51e82c238678127e413b7635c6d5f6
- name: github.com/hashicorp/logutils
  version: 0dc08b1671f34c4250ce212759ebd880f743d883
- name: github.com/hashicorp/mdns
  version: 9d85cf22f9f8d53cb5c81c1b2749f438b2ee333f
- name: github.com/hashicorp/memberlist
  version: c80391f99d2d3a3d60f24588c7ee6b2131f1be33
- name: github.com/hashicorp/net-rpc-msgpackrpc
  version: a14192a58a694c123d8fe5481d4a4727d6ae82f3
- name: github.com/hashicorp/raft
  version: d136cd15dfb7876fd7c89cad1995bc4f19ceb294
- name: github.com/hashicorp/raft-boltdb
  version: d1e82c1ec3f15ee991f7cc7ffd5b67ff6f5bbaee
- name: github.com/hashicorp/scada-client
  version: 84989fd23ad4cc0e7ad44d6a871fd793eb9beb0a
- name: github.com/hashicorp/serf
  version: e9ac4bb0c5721826d5cd3d1cd582c12fbc664bb8
- name: github.com/hashicorp/yamux
  version: df949784da9ed028ee76df44652e42d37a09d7e4
- name: github.com/inconshreveable/muxado
  version: f693c7e88ba316d1a0ae3e205e22a01aa3ec2848
- name: github.com/jonboulle/clockwork
  version: 72f9bd7c4e0c2a40055ab3d0f09654f730cce982
- name: github.com/julienschmidt/httprouter
  version: f30ab90cccbd5171771d26b6557d3c2f49e047a6
- name: github.com/matttproud/golang_protobuf_extensions
  version: fc2b8d3a73c4867e51861bbdd5ae3c1f0869dd6a
  subpackages:
  - pbutil
- name: github.com/meatballhat/negroni-logrus
  version: 0456e765fdc169ebcb064ac33ed462b632bfc41f
- name: github.com/miekg/dns
  version: 75e6e86cc601825c5dbcd4e0c209eab180997cd7
- name: github.com/mitchellh/cli
  version: 8102d0ed5ea2709ade1243798785888175f6e415
- name: github.com/mitchellh/mapstructure
  version: 281073eb9eb092240d33ef253c404f1cca550309
- name: github.com/pborman/uuid
  version: cccd189d45f7ac3368a0d127efb7f4d08ae0b655
- name: github.com/prometheus/client_golang
  version: e51041b3fa41cece0dca035740ba6411905be473
  subpackages:
  - prometheus
- name: github.com/prometheus/client_model
  version: fa8ad6fec33561be4280a8f0514318c79d7f6cb6
  subpackages:
  - go
- name: github.com/prometheus/common
  version: ffe929a3f4c4faeaa10f2b9535c2b1be3ad15650
  subpackages:
  - expfmt
  - model
- name: github.com/prometheus/procfs
  version: 454a56f35412459b5e684fd5ec0f9211b94f002a
- name: github.com/rakyll/pb
  version: dc507ad06b7462501281bb4691ee43f0b1d1ec37
- name: github.com/revel/revel
  version: a9a2ff45fae4330ef4116b257bcf9c82e53350c2
- name: github.com/robfig/config
  version: 0f78529c8c7e3e9a25f15876532ecbc07c7d99e6
- name: github.com/robfig/go-cache
  version: 9fc39e0dbf62c034ec4e45e6120fc69433a3ec51
- name: github.com/robfig/pathtree
  version: 41257a1839e945fce74afd070e02bab2ea2c776a
- name: github.com/ryanuber/columnize
  version: 983d3a5fab1bf04d1b412465d2d9f8430e2e917e
- name: github.com/samuel/go-zookeeper
  version: 218e9c81c0dd8b3b18172b2bbfad92cc7d6db55f
- name: github.com/Sirupsen/logrus
  version: 418b41d23a1bf978c06faea5313ba194650ac088
- name: github.com/stretchr/objx
  version: 1a9d0bb9f541897e62256577b352fdbc1fb4fd94
- name: github.com/stretchr/testify
  version: 9cc77fa25329013ce07362c7742952ff887361f2
  subpackages:
  - assert
- name: github.com/tobi/airbrake-go
  version: a3cdd910a3ffef88a20fbecc10363a520ad61a0a
- name: github.com/tylerb/graceful
  version: 48afeb21e2fcbcff0f30bd5ad6b97747b0fae38e
- name: github.com/ugorji/go
  version: f1f1a805ed361a0e078bb537e4ea78cd37dcf065
  subpackages:
  - codec
- name: github.com/xiang90/probing
  version: 6a0cc1ae81b4cc11db5e491e030e4b98fba79c19
- name: golang.org/x/crypto
  version: 1351f936d976c60a0a48d728281922cf63eafb8d
  subpackages:
  - bcrypt
  - blowfish
- name: golang.org/x/net
  version: 7dbad50ab5b31073856416cdcfeb2796d682f844
- name: golang.org/x/oauth2
  version: 3046bc76d6dfd7d3707f6640f85e42d9c4050f50
- name: golang.org/x/sys
  version: 9c60d1c508f5134d1ca726b4641db998f2523357
  subpackages:
  - /unix
- name: golang.org/x/text
  version: c27e06ce2911df9af962d3325d66ce05b7502c32
- name: google.golang.org/api
  version: fb9a762b1ba5eb828d4c3ea6b53755f290ca27ad
- name: google.golang.org/appengine
  version: ea2803184885858bb094b58ddeac06b3675b9994
- name: google.golang.org/cloud
  version: f20d6dcccb44ed49de45ae3703312cb46e627db1
  subpackages:
  - compute/metadata
  - internal
- name: google.golang.org/grpc
  version: f5ebd86be717593ab029545492c93ddf8914832b
- name: gopkg.in/fsnotify.v1
  version: 2cdd39bd6129c6a49c74fb07fb9d77ba1271c572
- name: gopkg.in/tylerb/graceful.v1
  version: 48afeb21e2fcbcff0f30bd5ad6b97747b0fae38e
- name: gopkg.in/yaml.v1
  version: 9f9df34309c04878acc86042b16630b0f696e1de
devImports: []
