hash: 36ea938ba3ba4fb7c532c7f8eae4b405bfe56791060ba54e5eea523ee058c652
updated: 2016-03-29T19:37:03.991724135+05:30
imports:
- name: github.com/codegangsta/negroni
  version: c7477ad8e330bef55bf1ebe300cf8aa67c492d1b
- name: github.com/coreos/etcd
  version: b4bddf685b26b4aa70e939445044bdeac822d042
  subpackages:
  - client
  - Godeps/_workspace/src/github.com/ugorji/go/codec
  - Godeps/_workspace/src/golang.org/x/net/context
  - pkg/pathutil
  - pkg/types
- name: github.com/docker/libkv
  version: 6af172b94a679a43e91971f75b7f189946c466b7
  subpackages:
  - store
  - store/etcd
- name: github.com/golang/protobuf
  version: 5677a0e3d5e89854c9974e1256839ee23f8233ca
  subpackages:
  - proto
- name: github.com/gorilla/context
  version: 1ea25387ff6f684839d82767c1733ff4d4d15d0a
- name: github.com/gorilla/mux
  version: c9e326e2bdec29039a3761c07bece13133863e1e
- name: github.com/heketi/tests
  version: f3775cbcefd6822086c729e3ce4b70ca85a5bd21
- name: github.com/kshlm/pbrpc
  version: 8aae79d221a0ae64c755fe199609792d65999281
  subpackages:
  - pbcodec
- name: github.com/pborman/uuid
  version: c55201b036063326c5b1b89ccfe45a184973d073
- name: github.com/Sirupsen/logrus
  version: 418b41d23a1bf978c06faea5313ba194650ac088
- name: golang.org/x/net
  version: 7dbad50ab5b31073856416cdcfeb2796d682f844
  subpackages:
  - context
  - netutil
- name: golang.org/x/sys
  version: 9c60d1c508f5134d1ca726b4641db998f2523357
  subpackages:
  - unix
- name: gopkg.in/tylerb/graceful.v1
  version: 119c58e176bce26fd40698146d9a106c8f1723a5
devImports: []
