hash: 175099e2980ce6acd3f330bf51ae8de61ae94087a13db93bdc1671996dd60eaa
updated: 2016-06-24T18:03:01.9482782+05:30
imports:
- name: github.com/BurntSushi/toml
  version: f0aeabca5a127c4078abb8c8d64298b147264b55
- name: github.com/codegangsta/negroni
  version: c7477ad8e330bef55bf1ebe300cf8aa67c492d1b
- name: github.com/coreos/etcd
  version: b4bddf685b26b4aa70e939445044bdeac822d042
  subpackages:
  - client
  - Godeps/_workspace/src/github.com/ugorji/go/codec
  - Godeps/_workspace/src/golang.org/x/net/context
  - pkg/pathutil
  - pkg/types
- name: github.com/docker/libkv
  version: 6af172b94a679a43e91971f75b7f189946c466b7
  subpackages:
  - store
  - store/etcd
- name: github.com/fsnotify/fsnotify
  version: 30411dbcefb7a1da7e84f75530ad3abe4011b4f8
- name: github.com/golang/protobuf
  version: 5677a0e3d5e89854c9974e1256839ee23f8233ca
  subpackages:
  - proto
- name: github.com/gorilla/context
  version: 1ea25387ff6f684839d82767c1733ff4d4d15d0a
- name: github.com/gorilla/mux
  version: c9e326e2bdec29039a3761c07bece13133863e1e
- name: github.com/hashicorp/hcl
  version: 61f5143284c041681f76a5b63efcb232aaa94737
  subpackages:
  - hcl/ast
  - hcl/parser
  - hcl/token
  - json/parser
  - hcl/scanner
  - hcl/strconv
  - json/scanner
  - json/token
- name: github.com/heketi/tests
  version: f3775cbcefd6822086c729e3ce4b70ca85a5bd21
- name: github.com/kshlm/pbrpc
  version: 8aae79d221a0ae64c755fe199609792d65999281
  subpackages:
  - pbcodec
- name: github.com/magiconair/properties
  version: c265cfa48dda6474e208715ca93e987829f572f8
- name: github.com/mitchellh/mapstructure
  version: d2dd0262208475919e1a362f675cfc0e7c10e905
- name: github.com/pborman/uuid
  version: c55201b036063326c5b1b89ccfe45a184973d073
- name: github.com/Sirupsen/logrus
  version: 418b41d23a1bf978c06faea5313ba194650ac088
- name: github.com/spf13/cast
  version: 27b586b42e29bec072fe7379259cc719e1289da6
- name: github.com/spf13/jwalterweatherman
  version: 33c24e77fb80341fe7130ee7c594256ff08ccc46
- name: github.com/spf13/pflag
  version: 367864438f1b1a3c7db4da06a2f55b144e6784e0
- name: github.com/spf13/viper
  version: c1ccc378a054ea8d4e38d8c67f6938d4760b53dd
- name: golang.org/x/net
  version: 7dbad50ab5b31073856416cdcfeb2796d682f844
  subpackages:
  - context
  - netutil
- name: golang.org/x/sys
  version: 9c60d1c508f5134d1ca726b4641db998f2523357
  subpackages:
  - unix
- name: gopkg.in/tylerb/graceful.v1
  version: 119c58e176bce26fd40698146d9a106c8f1723a5
- name: gopkg.in/yaml.v2
  version: a83829b6f1293c91addabc89d0571c246397bbf4
devImports: []
